// !$*UTF8*$!
{
	archiveVersion = 1;
	classes = {
	};
	objectVersion = 77;
	objects = {

/* Begin PBXBuildFile section */
		1D7E99A2EF7F5C18C3BAE48E /* ClipboardRestoreSession.swift in Sources */ = {isa = PBXBuildFile; fileRef = FC11A83D27AECE8423CC2FFC /* ClipboardRestoreSession.swift */; };
		204F94D0D810F1E162F9E613 /* MenuBarView.swift in Sources */ = {isa = PBXBuildFile; fileRef = 995D1B48CD36755DAA5C8B67 /* MenuBarView.swift */; };
		23528C1A8D6C4E3E817D396B /* PopupController.swift in Sources */ = {isa = PBXBuildFile; fileRef = 91A903E7EC95F736D96FDA48 /* PopupController.swift */; };
		322E587F4D84EAAFF6FB26D4 /* AppState.swift in Sources */ = {isa = PBXBuildFile; fileRef = CE0F06D9CC4AACA6666A41CE /* AppState.swift */; };
		3DEE1277FF710809E66CD471 /* ClipboardManagerTests.swift in Sources */ = {isa = PBXBuildFile; fileRef = C1B00BA499960D4DE3272F9B /* ClipboardManagerTests.swift */; };
		47CFCB32F5FA2997EDDE2455 /* PopupView.swift in Sources */ = {isa = PBXBuildFile; fileRef = 93D36133B86B37DA3B2E3B98 /* PopupView.swift */; };
		4B63656FAA41CE78F78098F9 /* HotkeyMonitor.swift in Sources */ = {isa = PBXBuildFile; fileRef = 1B37DED22B25AA672F1F1C28 /* HotkeyMonitor.swift */; };
		4DB043F93E151B9628FA5F0D /* ClipboardManager.swift in Sources */ = {isa = PBXBuildFile; fileRef = 4A6419329179F1E05CAA17FA /* ClipboardManager.swift */; };
		516C2D67132E2957E22DA18B /* TransyUITests.swift in Sources */ = {isa = PBXBuildFile; fileRef = 895E14D771A487A2C547A4BB /* TransyUITests.swift */; };
		780C1255E3206502BC4CBF49 /* TransyTests.swift in Sources */ = {isa = PBXBuildFile; fileRef = 45A08DBC760C4F5F1CC6378D /* TransyTests.swift */; };
		7D4A0BBB9219E0E06451DE43 /* HotkeyMonitorTests.swift in Sources */ = {isa = PBXBuildFile; fileRef = 77C5D4D938C6155102F8DFD9 /* HotkeyMonitorTests.swift */; };
		7DFABD368286D3B56E50E88F /* DoublePressDetectorTests.swift in Sources */ = {isa = PBXBuildFile; fileRef = F2235DE783B51BE6B13D1993 /* DoublePressDetectorTests.swift */; };
		7EB2D150C6557F03D03EE672 /* SettingsStoreTests.swift in Sources */ = {isa = PBXBuildFile; fileRef = 1A3FE03FD3BB8F70C1424BCA /* SettingsStoreTests.swift */; };
		83ADDBAA20196C7AED7EDDF4 /* SettingsView.swift in Sources */ = {isa = PBXBuildFile; fileRef = DADCD09A92D4AC4AF67A3CE3 /* SettingsView.swift */; };
		8C0375FD479C9642EC9F0A92 /* TranslationRaceGuardTests.swift in Sources */ = {isa = PBXBuildFile; fileRef = C4FC79CA1B09F4378844F508 /* TranslationRaceGuardTests.swift */; };
		8DD499688FF5E3D9DB130C1E /* PopupTextLayoutTests.swift in Sources */ = {isa = PBXBuildFile; fileRef = 4E11588B37785CBBB800DC5E /* PopupTextLayoutTests.swift */; };
		9ADEE4B3B3252FABABAF0B51 /* GuidanceWindowController.swift in Sources */ = {isa = PBXBuildFile; fileRef = 021F2003FD464D7C50FE3B6F /* GuidanceWindowController.swift */; };
		9B88142989507F94F5A02C89 /* TargetLanguageSnapshotTests.swift in Sources */ = {isa = PBXBuildFile; fileRef = F60EB17A8A5F1F992BC90047 /* TargetLanguageSnapshotTests.swift */; };
		9DA5CE1EDDA26F6501B86520 /* TransyApp.swift in Sources */ = {isa = PBXBuildFile; fileRef = 9D819EE00E612AFCFF2C9FC8 /* TransyApp.swift */; };
		A22EEA4AB5EFD7CDC0D6498B /* DoublePressDetector.swift in Sources */ = {isa = PBXBuildFile; fileRef = A12AAA728534FE1C2113D892 /* DoublePressDetector.swift */; };
		A2FB8599B6B1B4F5BC41D43B /* TranslationTaskConfigurationReloaderTests.swift in Sources */ = {isa = PBXBuildFile; fileRef = 21E661331FEAC8733B0C9F23 /* TranslationTaskConfigurationReloaderTests.swift */; };
		A71FF47E595B1940683C5EC3 /* TranslationModelGuidance.swift in Sources */ = {isa = PBXBuildFile; fileRef = FFC20026A344AD22D1C269C0 /* TranslationModelGuidance.swift */; };
		AAFA7FD602DEF26AC12C9B9F /* TranslationCoordinator.swift in Sources */ = {isa = PBXBuildFile; fileRef = 3B1D7383317B9A12BC538EC8 /* TranslationCoordinator.swift */; };
		AC26B804437DB031761E20D3 /* SettingsStore.swift in Sources */ = {isa = PBXBuildFile; fileRef = 73DC9F4A18702B8B9A29CFC9 /* SettingsStore.swift */; };
		C2963F73C4B9A205379716F1 /* ClipboardRestoreSessionTests.swift in Sources */ = {isa = PBXBuildFile; fileRef = 1FBE6089F9FAC821751E8677 /* ClipboardRestoreSessionTests.swift */; };
		C29AFB5BB3EAFC24BC779F0C /* TranslationAvailabilityClient.swift in Sources */ = {isa = PBXBuildFile; fileRef = D6CA67A12F3A3538C3D60990 /* TranslationAvailabilityClient.swift */; };
		C2CF2A3F817522BDF37D813B /* GuidanceView.swift in Sources */ = {isa = PBXBuildFile; fileRef = F5B0D2ED8A83BDD6941EFEBB /* GuidanceView.swift */; };
		C50D0D97A63C5B2F9882C60A /* TranslationModelGuidanceTests.swift in Sources */ = {isa = PBXBuildFile; fileRef = B7076942C003E932835F67F0 /* TranslationModelGuidanceTests.swift */; };
		C9B1B3F6BC1033CEFD7EA044 /* TranslationCoordinatorTests.swift in Sources */ = {isa = PBXBuildFile; fileRef = 615771C52D62AEAC2E7F273C /* TranslationCoordinatorTests.swift */; };
		CBB7A7141F49E1A7095D6372 /* SupportedLanguageOption.swift in Sources */ = {isa = PBXBuildFile; fileRef = 47FE6B67971BD2B40E2F946A /* SupportedLanguageOption.swift */; };
		CFCA60109C1346EC9290DE53 /* TranslationAvailabilityClientTests.swift in Sources */ = {isa = PBXBuildFile; fileRef = C310B86E8705892C0E418D75 /* TranslationAvailabilityClientTests.swift */; };
		DB8EBF7032C96F568FF72EC1 /* TextNormalization.swift in Sources */ = {isa = PBXBuildFile; fileRef = 2524A77BC83DDE3C480C0F14 /* TextNormalization.swift */; };
		DEDAA0798E3B1F676501EF2F /* AppDelegate.swift in Sources */ = {isa = PBXBuildFile; fileRef = 7FE40CB96A1C0949349DCFD1 /* AppDelegate.swift */; };
		F3DEA91AAA877AC3FE7F4E2F /* TranslationErrorMapper.swift in Sources */ = {isa = PBXBuildFile; fileRef = 8007AE0E9F8439938296AE4E /* TranslationErrorMapper.swift */; };
/* End PBXBuildFile section */

/* Begin PBXContainerItemProxy section */
		B1F1D3C49D035201248C0C99 /* PBXContainerItemProxy */ = {
			isa = PBXContainerItemProxy;
			containerPortal = 6630DBE2462214A6C0C09B06 /* Project object */;
			proxyType = 1;
			remoteGlobalIDString = F2471A5D144F9EB04206961F;
			remoteInfo = Transy;
		};
		C30BAFEB81303B1712913C8E /* PBXContainerItemProxy */ = {
			isa = PBXContainerItemProxy;
			containerPortal = 6630DBE2462214A6C0C09B06 /* Project object */;
			proxyType = 1;
			remoteGlobalIDString = F2471A5D144F9EB04206961F;
			remoteInfo = Transy;
		};
/* End PBXContainerItemProxy section */

/* Begin PBXFileReference section */
		021F2003FD464D7C50FE3B6F /* GuidanceWindowController.swift */ = {isa = PBXFileReference; lastKnownFileType = sourcecode.swift; path = GuidanceWindowController.swift; sourceTree = "<group>"; };
		1A3FE03FD3BB8F70C1424BCA /* SettingsStoreTests.swift */ = {isa = PBXFileReference; lastKnownFileType = sourcecode.swift; path = SettingsStoreTests.swift; sourceTree = "<group>"; };
		1B37DED22B25AA672F1F1C28 /* HotkeyMonitor.swift */ = {isa = PBXFileReference; lastKnownFileType = sourcecode.swift; path = HotkeyMonitor.swift; sourceTree = "<group>"; };
		1FBE6089F9FAC821751E8677 /* ClipboardRestoreSessionTests.swift */ = {isa = PBXFileReference; lastKnownFileType = sourcecode.swift; path = ClipboardRestoreSessionTests.swift; sourceTree = "<group>"; };
		21E661331FEAC8733B0C9F23 /* TranslationTaskConfigurationReloaderTests.swift */ = {isa = PBXFileReference; lastKnownFileType = sourcecode.swift; path = TranslationTaskConfigurationReloaderTests.swift; sourceTree = "<group>"; };
		2524A77BC83DDE3C480C0F14 /* TextNormalization.swift */ = {isa = PBXFileReference; lastKnownFileType = sourcecode.swift; path = TextNormalization.swift; sourceTree = "<group>"; };
		3B1D7383317B9A12BC538EC8 /* TranslationCoordinator.swift */ = {isa = PBXFileReference; lastKnownFileType = sourcecode.swift; path = TranslationCoordinator.swift; sourceTree = "<group>"; };
		4277C7E00D8451B1A02EFEC8 /* Info.plist */ = {isa = PBXFileReference; lastKnownFileType = text.plist; path = Info.plist; sourceTree = "<group>"; };
		45A08DBC760C4F5F1CC6378D /* TransyTests.swift */ = {isa = PBXFileReference; lastKnownFileType = sourcecode.swift; path = TransyTests.swift; sourceTree = "<group>"; };
		47FE6B67971BD2B40E2F946A /* SupportedLanguageOption.swift */ = {isa = PBXFileReference; lastKnownFileType = sourcecode.swift; path = SupportedLanguageOption.swift; sourceTree = "<group>"; };
		4A6419329179F1E05CAA17FA /* ClipboardManager.swift */ = {isa = PBXFileReference; lastKnownFileType = sourcecode.swift; path = ClipboardManager.swift; sourceTree = "<group>"; };
		4E11588B37785CBBB800DC5E /* PopupTextLayoutTests.swift */ = {isa = PBXFileReference; lastKnownFileType = sourcecode.swift; path = PopupTextLayoutTests.swift; sourceTree = "<group>"; };
		615771C52D62AEAC2E7F273C /* TranslationCoordinatorTests.swift */ = {isa = PBXFileReference; lastKnownFileType = sourcecode.swift; path = TranslationCoordinatorTests.swift; sourceTree = "<group>"; };
		73DC9F4A18702B8B9A29CFC9 /* SettingsStore.swift */ = {isa = PBXFileReference; lastKnownFileType = sourcecode.swift; path = SettingsStore.swift; sourceTree = "<group>"; };
		77C5D4D938C6155102F8DFD9 /* HotkeyMonitorTests.swift */ = {isa = PBXFileReference; lastKnownFileType = sourcecode.swift; path = HotkeyMonitorTests.swift; sourceTree = "<group>"; };
		7FE40CB96A1C0949349DCFD1 /* AppDelegate.swift */ = {isa = PBXFileReference; lastKnownFileType = sourcecode.swift; path = AppDelegate.swift; sourceTree = "<group>"; };
		8007AE0E9F8439938296AE4E /* TranslationErrorMapper.swift */ = {isa = PBXFileReference; lastKnownFileType = sourcecode.swift; path = TranslationErrorMapper.swift; sourceTree = "<group>"; };
		895E14D771A487A2C547A4BB /* TransyUITests.swift */ = {isa = PBXFileReference; lastKnownFileType = sourcecode.swift; path = TransyUITests.swift; sourceTree = "<group>"; };
		8D5AA159B41AD22A8AB861C4 /* Transy.app */ = {isa = PBXFileReference; explicitFileType = wrapper.application; includeInIndex = 0; path = Transy.app; sourceTree = BUILT_PRODUCTS_DIR; };
		91500453A398C8FCB016D0A4 /* TransyTests.xctest */ = {isa = PBXFileReference; explicitFileType = wrapper.cfbundle; includeInIndex = 0; path = TransyTests.xctest; sourceTree = BUILT_PRODUCTS_DIR; };
		91A903E7EC95F736D96FDA48 /* PopupController.swift */ = {isa = PBXFileReference; lastKnownFileType = sourcecode.swift; path = PopupController.swift; sourceTree = "<group>"; };
		93D36133B86B37DA3B2E3B98 /* PopupView.swift */ = {isa = PBXFileReference; lastKnownFileType = sourcecode.swift; path = PopupView.swift; sourceTree = "<group>"; };
		995D1B48CD36755DAA5C8B67 /* MenuBarView.swift */ = {isa = PBXFileReference; lastKnownFileType = sourcecode.swift; path = MenuBarView.swift; sourceTree = "<group>"; };
		9D819EE00E612AFCFF2C9FC8 /* TransyApp.swift */ = {isa = PBXFileReference; lastKnownFileType = sourcecode.swift; path = TransyApp.swift; sourceTree = "<group>"; };
		A12AAA728534FE1C2113D892 /* DoublePressDetector.swift */ = {isa = PBXFileReference; lastKnownFileType = sourcecode.swift; path = DoublePressDetector.swift; sourceTree = "<group>"; };
		B7076942C003E932835F67F0 /* TranslationModelGuidanceTests.swift */ = {isa = PBXFileReference; lastKnownFileType = sourcecode.swift; path = TranslationModelGuidanceTests.swift; sourceTree = "<group>"; };
		C1B00BA499960D4DE3272F9B /* ClipboardManagerTests.swift */ = {isa = PBXFileReference; lastKnownFileType = sourcecode.swift; path = ClipboardManagerTests.swift; sourceTree = "<group>"; };
		C310B86E8705892C0E418D75 /* TranslationAvailabilityClientTests.swift */ = {isa = PBXFileReference; lastKnownFileType = sourcecode.swift; path = TranslationAvailabilityClientTests.swift; sourceTree = "<group>"; };
		C4FC79CA1B09F4378844F508 /* TranslationRaceGuardTests.swift */ = {isa = PBXFileReference; lastKnownFileType = sourcecode.swift; path = TranslationRaceGuardTests.swift; sourceTree = "<group>"; };
		CE0F06D9CC4AACA6666A41CE /* AppState.swift */ = {isa = PBXFileReference; lastKnownFileType = sourcecode.swift; path = AppState.swift; sourceTree = "<group>"; };
		D6CA67A12F3A3538C3D60990 /* TranslationAvailabilityClient.swift */ = {isa = PBXFileReference; lastKnownFileType = sourcecode.swift; path = TranslationAvailabilityClient.swift; sourceTree = "<group>"; };
		DADCD09A92D4AC4AF67A3CE3 /* SettingsView.swift */ = {isa = PBXFileReference; lastKnownFileType = sourcecode.swift; path = SettingsView.swift; sourceTree = "<group>"; };
		F2235DE783B51BE6B13D1993 /* DoublePressDetectorTests.swift */ = {isa = PBXFileReference; lastKnownFileType = sourcecode.swift; path = DoublePressDetectorTests.swift; sourceTree = "<group>"; };
		F5B0D2ED8A83BDD6941EFEBB /* GuidanceView.swift */ = {isa = PBXFileReference; lastKnownFileType = sourcecode.swift; path = GuidanceView.swift; sourceTree = "<group>"; };
		F60EB17A8A5F1F992BC90047 /* TargetLanguageSnapshotTests.swift */ = {isa = PBXFileReference; lastKnownFileType = sourcecode.swift; path = TargetLanguageSnapshotTests.swift; sourceTree = "<group>"; };
		FB4416C4AFCA05548E910704 /* TransyUITests.xctest */ = {isa = PBXFileReference; explicitFileType = wrapper.cfbundle; includeInIndex = 0; path = TransyUITests.xctest; sourceTree = BUILT_PRODUCTS_DIR; };
		FC11A83D27AECE8423CC2FFC /* ClipboardRestoreSession.swift */ = {isa = PBXFileReference; lastKnownFileType = sourcecode.swift; path = ClipboardRestoreSession.swift; sourceTree = "<group>"; };
		FFC20026A344AD22D1C269C0 /* TranslationModelGuidance.swift */ = {isa = PBXFileReference; lastKnownFileType = sourcecode.swift; path = TranslationModelGuidance.swift; sourceTree = "<group>"; };
/* End PBXFileReference section */

/* Begin PBXGroup section */
		038E99AA6A6ADC92CF08DC4F = {
			isa = PBXGroup;
			children = (
				24468B74DC769E65A05B9580 /* Transy */,
				9580D0521C0CCD109F281C00 /* TransyTests */,
				BE4990502FA3C95963EE1B43 /* TransyUITests */,
				B87897352AA80E8425F7F9F1 /* Products */,
			);
			indentWidth = 4;
			sourceTree = "<group>";
			tabWidth = 4;
		};
		24468B74DC769E65A05B9580 /* Transy */ = {
			isa = PBXGroup;
			children = (
				7FE40CB96A1C0949349DCFD1 /* AppDelegate.swift */,
				CE0F06D9CC4AACA6666A41CE /* AppState.swift */,
				4277C7E00D8451B1A02EFEC8 /* Info.plist */,
				9D819EE00E612AFCFF2C9FC8 /* TransyApp.swift */,
				495047D65C6D9F570C1F1557 /* MenuBar */,
				CBE8E291D5C848DEC9D093C5 /* Permissions */,
				F7DAF462089262F957AB1225 /* Popup */,
				CDF49B714D3263E606CA5225 /* Settings */,
				E812C7FFD5FF99F2A6A62DC1 /* Translation */,
				92BE44F66D967FF5D641739B /* Trigger */,
			);
			path = Transy;
			sourceTree = "<group>";
		};
		495047D65C6D9F570C1F1557 /* MenuBar */ = {
			isa = PBXGroup;
			children = (
				995D1B48CD36755DAA5C8B67 /* MenuBarView.swift */,
			);
			path = MenuBar;
			sourceTree = "<group>";
		};
		92BE44F66D967FF5D641739B /* Trigger */ = {
			isa = PBXGroup;
			children = (
				4A6419329179F1E05CAA17FA /* ClipboardManager.swift */,
				FC11A83D27AECE8423CC2FFC /* ClipboardRestoreSession.swift */,
				A12AAA728534FE1C2113D892 /* DoublePressDetector.swift */,
				1B37DED22B25AA672F1F1C28 /* HotkeyMonitor.swift */,
			);
			path = Trigger;
			sourceTree = "<group>";
		};
		9580D0521C0CCD109F281C00 /* TransyTests */ = {
			isa = PBXGroup;
			children = (
				C1B00BA499960D4DE3272F9B /* ClipboardManagerTests.swift */,
				1FBE6089F9FAC821751E8677 /* ClipboardRestoreSessionTests.swift */,
				F2235DE783B51BE6B13D1993 /* DoublePressDetectorTests.swift */,
				77C5D4D938C6155102F8DFD9 /* HotkeyMonitorTests.swift */,
				4E11588B37785CBBB800DC5E /* PopupTextLayoutTests.swift */,
				1A3FE03FD3BB8F70C1424BCA /* SettingsStoreTests.swift */,
				F60EB17A8A5F1F992BC90047 /* TargetLanguageSnapshotTests.swift */,
				C310B86E8705892C0E418D75 /* TranslationAvailabilityClientTests.swift */,
				615771C52D62AEAC2E7F273C /* TranslationCoordinatorTests.swift */,
				B7076942C003E932835F67F0 /* TranslationModelGuidanceTests.swift */,
				C4FC79CA1B09F4378844F508 /* TranslationRaceGuardTests.swift */,
				21E661331FEAC8733B0C9F23 /* TranslationTaskConfigurationReloaderTests.swift */,
				45A08DBC760C4F5F1CC6378D /* TransyTests.swift */,
			);
			path = TransyTests;
			sourceTree = "<group>";
		};
		B87897352AA80E8425F7F9F1 /* Products */ = {
			isa = PBXGroup;
			children = (
				8D5AA159B41AD22A8AB861C4 /* Transy.app */,
				91500453A398C8FCB016D0A4 /* TransyTests.xctest */,
				FB4416C4AFCA05548E910704 /* TransyUITests.xctest */,
			);
			name = Products;
			sourceTree = "<group>";
		};
		BE4990502FA3C95963EE1B43 /* TransyUITests */ = {
			isa = PBXGroup;
			children = (
				895E14D771A487A2C547A4BB /* TransyUITests.swift */,
			);
			path = TransyUITests;
			sourceTree = "<group>";
		};
		CBE8E291D5C848DEC9D093C5 /* Permissions */ = {
			isa = PBXGroup;
			children = (
				F5B0D2ED8A83BDD6941EFEBB /* GuidanceView.swift */,
				021F2003FD464D7C50FE3B6F /* GuidanceWindowController.swift */,
			);
			path = Permissions;
			sourceTree = "<group>";
		};
		CDF49B714D3263E606CA5225 /* Settings */ = {
			isa = PBXGroup;
			children = (
				73DC9F4A18702B8B9A29CFC9 /* SettingsStore.swift */,
				DADCD09A92D4AC4AF67A3CE3 /* SettingsView.swift */,
				47FE6B67971BD2B40E2F946A /* SupportedLanguageOption.swift */,
				FFC20026A344AD22D1C269C0 /* TranslationModelGuidance.swift */,
			);
			path = Settings;
			sourceTree = "<group>";
		};
		E812C7FFD5FF99F2A6A62DC1 /* Translation */ = {
			isa = PBXGroup;
			children = (
				2524A77BC83DDE3C480C0F14 /* TextNormalization.swift */,
				D6CA67A12F3A3538C3D60990 /* TranslationAvailabilityClient.swift */,
				3B1D7383317B9A12BC538EC8 /* TranslationCoordinator.swift */,
				8007AE0E9F8439938296AE4E /* TranslationErrorMapper.swift */,
			);
			path = Translation;
			sourceTree = "<group>";
		};
		F7DAF462089262F957AB1225 /* Popup */ = {
			isa = PBXGroup;
			children = (
				91A903E7EC95F736D96FDA48 /* PopupController.swift */,
				93D36133B86B37DA3B2E3B98 /* PopupView.swift */,
			);
			path = Popup;
			sourceTree = "<group>";
		};
/* End PBXGroup section */

/* Begin PBXNativeTarget section */
		02884DC975F16BAA537AF77D /* TransyUITests */ = {
			isa = PBXNativeTarget;
			buildConfigurationList = 790BF0208E06B94053782DCA /* Build configuration list for PBXNativeTarget "TransyUITests" */;
			buildPhases = (
				676E9E42908D2078999820C2 /* Sources */,
			);
			buildRules = (
			);
			dependencies = (
				7D27FE7A5C7E2BD960DDAD94 /* PBXTargetDependency */,
			);
			name = TransyUITests;
			packageProductDependencies = (
			);
			productName = TransyUITests;
			productReference = FB4416C4AFCA05548E910704 /* TransyUITests.xctest */;
			productType = "com.apple.product-type.bundle.ui-testing";
		};
		449CF4F36553A3FD3870CAD8 /* TransyTests */ = {
			isa = PBXNativeTarget;
			buildConfigurationList = 0BE294C06E2F49F64CDB144D /* Build configuration list for PBXNativeTarget "TransyTests" */;
			buildPhases = (
				7D16C94B88061453702994FE /* Sources */,
			);
			buildRules = (
			);
			dependencies = (
				9DAE6F52A415247B6EF8B75F /* PBXTargetDependency */,
			);
			name = TransyTests;
			packageProductDependencies = (
			);
			productName = TransyTests;
			productReference = 91500453A398C8FCB016D0A4 /* TransyTests.xctest */;
			productType = "com.apple.product-type.bundle.unit-test";
		};
		F2471A5D144F9EB04206961F /* Transy */ = {
			isa = PBXNativeTarget;
			buildConfigurationList = E1016FDD8C6BB64B2C0C10C3 /* Build configuration list for PBXNativeTarget "Transy" */;
			buildPhases = (
				C8229835FD9E0E02B9347D30 /* Sources */,
			);
			buildRules = (
			);
			dependencies = (
			);
			name = Transy;
			packageProductDependencies = (
			);
			productName = Transy;
			productReference = 8D5AA159B41AD22A8AB861C4 /* Transy.app */;
			productType = "com.apple.product-type.application";
		};
/* End PBXNativeTarget section */

/* Begin PBXProject section */
		6630DBE2462214A6C0C09B06 /* Project object */ = {
			isa = PBXProject;
			attributes = {
				BuildIndependentTargetsInParallel = YES;
				LastUpgradeCheck = 1600;
				TargetAttributes = {
					02884DC975F16BAA537AF77D = {
						TestTargetID = F2471A5D144F9EB04206961F;
					};
					F2471A5D144F9EB04206961F = {
						ProvisioningStyle = Automatic;
					};
				};
			};
			buildConfigurationList = 682754719760AB9319303163 /* Build configuration list for PBXProject "Transy" */;
			developmentRegion = en;
			hasScannedForEncodings = 0;
			knownRegions = (
				Base,
				en,
			);
			mainGroup = 038E99AA6A6ADC92CF08DC4F;
			minimizedProjectReferenceProxies = 1;
			preferredProjectObjectVersion = 77;
			productRefGroup = B87897352AA80E8425F7F9F1 /* Products */;
			projectDirPath = "";
			projectRoot = "";
			targets = (
				F2471A5D144F9EB04206961F /* Transy */,
				449CF4F36553A3FD3870CAD8 /* TransyTests */,
				02884DC975F16BAA537AF77D /* TransyUITests */,
			);
		};
/* End PBXProject section */

/* Begin PBXSourcesBuildPhase section */
		676E9E42908D2078999820C2 /* Sources */ = {
			isa = PBXSourcesBuildPhase;
			buildActionMask = 2147483647;
			files = (
				516C2D67132E2957E22DA18B /* TransyUITests.swift in Sources */,
			);
			runOnlyForDeploymentPostprocessing = 0;
		};
		7D16C94B88061453702994FE /* Sources */ = {
			isa = PBXSourcesBuildPhase;
			buildActionMask = 2147483647;
			files = (
				3DEE1277FF710809E66CD471 /* ClipboardManagerTests.swift in Sources */,
				C2963F73C4B9A205379716F1 /* ClipboardRestoreSessionTests.swift in Sources */,
				7DFABD368286D3B56E50E88F /* DoublePressDetectorTests.swift in Sources */,
				7D4A0BBB9219E0E06451DE43 /* HotkeyMonitorTests.swift in Sources */,
				8DD499688FF5E3D9DB130C1E /* PopupTextLayoutTests.swift in Sources */,
				7EB2D150C6557F03D03EE672 /* SettingsStoreTests.swift in Sources */,
				9B88142989507F94F5A02C89 /* TargetLanguageSnapshotTests.swift in Sources */,
				CFCA60109C1346EC9290DE53 /* TranslationAvailabilityClientTests.swift in Sources */,
				C9B1B3F6BC1033CEFD7EA044 /* TranslationCoordinatorTests.swift in Sources */,
				C50D0D97A63C5B2F9882C60A /* TranslationModelGuidanceTests.swift in Sources */,
				8C0375FD479C9642EC9F0A92 /* TranslationRaceGuardTests.swift in Sources */,
				A2FB8599B6B1B4F5BC41D43B /* TranslationTaskConfigurationReloaderTests.swift in Sources */,
				780C1255E3206502BC4CBF49 /* TransyTests.swift in Sources */,
			);
			runOnlyForDeploymentPostprocessing = 0;
		};
		C8229835FD9E0E02B9347D30 /* Sources */ = {
			isa = PBXSourcesBuildPhase;
			buildActionMask = 2147483647;
			files = (
				DEDAA0798E3B1F676501EF2F /* AppDelegate.swift in Sources */,
				322E587F4D84EAAFF6FB26D4 /* AppState.swift in Sources */,
				4DB043F93E151B9628FA5F0D /* ClipboardManager.swift in Sources */,
				1D7E99A2EF7F5C18C3BAE48E /* ClipboardRestoreSession.swift in Sources */,
				A22EEA4AB5EFD7CDC0D6498B /* DoublePressDetector.swift in Sources */,
				C2CF2A3F817522BDF37D813B /* GuidanceView.swift in Sources */,
				9ADEE4B3B3252FABABAF0B51 /* GuidanceWindowController.swift in Sources */,
				4B63656FAA41CE78F78098F9 /* HotkeyMonitor.swift in Sources */,
				204F94D0D810F1E162F9E613 /* MenuBarView.swift in Sources */,
				23528C1A8D6C4E3E817D396B /* PopupController.swift in Sources */,
				47CFCB32F5FA2997EDDE2455 /* PopupView.swift in Sources */,
				AC26B804437DB031761E20D3 /* SettingsStore.swift in Sources */,
				83ADDBAA20196C7AED7EDDF4 /* SettingsView.swift in Sources */,
				CBB7A7141F49E1A7095D6372 /* SupportedLanguageOption.swift in Sources */,
				DB8EBF7032C96F568FF72EC1 /* TextNormalization.swift in Sources */,
				C29AFB5BB3EAFC24BC779F0C /* TranslationAvailabilityClient.swift in Sources */,
				AAFA7FD602DEF26AC12C9B9F /* TranslationCoordinator.swift in Sources */,
				F3DEA91AAA877AC3FE7F4E2F /* TranslationErrorMapper.swift in Sources */,
				A71FF47E595B1940683C5EC3 /* TranslationModelGuidance.swift in Sources */,
				9DA5CE1EDDA26F6501B86520 /* TransyApp.swift in Sources */,
			);
			runOnlyForDeploymentPostprocessing = 0;
		};
/* End PBXSourcesBuildPhase section */

/* Begin PBXTargetDependency section */
		7D27FE7A5C7E2BD960DDAD94 /* PBXTargetDependency */ = {
			isa = PBXTargetDependency;
			target = F2471A5D144F9EB04206961F /* Transy */;
			targetProxy = C30BAFEB81303B1712913C8E /* PBXContainerItemProxy */;
		};
		9DAE6F52A415247B6EF8B75F /* PBXTargetDependency */ = {
			isa = PBXTargetDependency;
			target = F2471A5D144F9EB04206961F /* Transy */;
			targetProxy = B1F1D3C49D035201248C0C99 /* PBXContainerItemProxy */;
		};
/* End PBXTargetDependency section */

/* Begin XCBuildConfiguration section */
		0F0A8B7518676513ABEDD3A2 /* Debug */ = {
			isa = XCBuildConfiguration;
			buildSettings = {
				BUNDLE_LOADER = "$(TEST_HOST)";
				COMBINE_HIDPI_IMAGES = YES;
				GENERATE_INFOPLIST_FILE = YES;
				LD_RUNPATH_SEARCH_PATHS = (
					"$(inherited)",
					"@executable_path/../Frameworks",
					"@loader_path/../Frameworks",
				);
				MACOSX_DEPLOYMENT_TARGET = 15.0;
				PRODUCT_BUNDLE_IDENTIFIER = com.tafuru.TransyTests;
				SDKROOT = macosx;
				SWIFT_VERSION = 6.0;
				TEST_HOST = "$(BUILT_PRODUCTS_DIR)/Transy.app/Contents/MacOS/Transy";
			};
			name = Debug;
		};
		3A7D464C2ECBAD9A0DC6F473 /* Debug */ = {
			isa = XCBuildConfiguration;
			buildSettings = {
				ALWAYS_SEARCH_USER_PATHS = NO;
				CLANG_ANALYZER_NONNULL = YES;
				CLANG_ANALYZER_NUMBER_OBJECT_CONVERSION = YES_AGGRESSIVE;
				CLANG_CXX_LANGUAGE_STANDARD = "gnu++14";
				CLANG_CXX_LIBRARY = "libc++";
				CLANG_ENABLE_MODULES = YES;
				CLANG_ENABLE_OBJC_ARC = YES;
				CLANG_ENABLE_OBJC_WEAK = YES;
				CLANG_WARN_BLOCK_CAPTURE_AUTORELEASING = YES;
				CLANG_WARN_BOOL_CONVERSION = YES;
				CLANG_WARN_COMMA = YES;
				CLANG_WARN_CONSTANT_CONVERSION = YES;
				CLANG_WARN_DEPRECATED_OBJC_IMPLEMENTATIONS = YES;
				CLANG_WARN_DIRECT_OBJC_ISA_USAGE = YES_ERROR;
				CLANG_WARN_DOCUMENTATION_COMMENTS = YES;
				CLANG_WARN_EMPTY_BODY = YES;
				CLANG_WARN_ENUM_CONVERSION = YES;
				CLANG_WARN_INFINITE_RECURSION = YES;
				CLANG_WARN_INT_CONVERSION = YES;
				CLANG_WARN_NON_LITERAL_NULL_CONVERSION = YES;
				CLANG_WARN_OBJC_IMPLICIT_RETAIN_SELF = YES;
				CLANG_WARN_OBJC_LITERAL_CONVERSION = YES;
				CLANG_WARN_OBJC_ROOT_CLASS = YES_ERROR;
				CLANG_WARN_QUOTED_INCLUDE_IN_FRAMEWORK_HEADER = YES;
				CLANG_WARN_RANGE_LOOP_ANALYSIS = YES;
				CLANG_WARN_STRICT_PROTOTYPES = YES;
				CLANG_WARN_SUSPICIOUS_MOVE = YES;
				CLANG_WARN_UNGUARDED_AVAILABILITY = YES_AGGRESSIVE;
				CLANG_WARN_UNREACHABLE_CODE = YES;
				CLANG_WARN__DUPLICATE_METHOD_MATCH = YES;
				COPY_PHASE_STRIP = NO;
				DEBUG_INFORMATION_FORMAT = dwarf;
				ENABLE_STRICT_OBJC_MSGSEND = YES;
				ENABLE_TESTABILITY = YES;
				GCC_C_LANGUAGE_STANDARD = gnu11;
				GCC_DYNAMIC_NO_PIC = NO;
				GCC_NO_COMMON_BLOCKS = YES;
				GCC_OPTIMIZATION_LEVEL = 0;
				GCC_PREPROCESSOR_DEFINITIONS = (
					"$(inherited)",
					"DEBUG=1",
				);
				GCC_WARN_64_TO_32_BIT_CONVERSION = YES;
				GCC_WARN_ABOUT_RETURN_TYPE = YES_ERROR;
				GCC_WARN_UNDECLARED_SELECTOR = YES;
				GCC_WARN_UNINITIALIZED_AUTOS = YES_AGGRESSIVE;
				GCC_WARN_UNUSED_FUNCTION = YES;
				GCC_WARN_UNUSED_VARIABLE = YES;
				MACOSX_DEPLOYMENT_TARGET = 15.0;
				MTL_ENABLE_DEBUG_INFO = INCLUDE_SOURCE;
				MTL_FAST_MATH = YES;
				ONLY_ACTIVE_ARCH = YES;
				PRODUCT_NAME = "$(TARGET_NAME)";
				SDKROOT = macosx;
				SWIFT_ACTIVE_COMPILATION_CONDITIONS = DEBUG;
				SWIFT_OPTIMIZATION_LEVEL = "-Onone";
				SWIFT_VERSION = 5.0;
			};
			name = Debug;
		};
		3B95E6B16CB687BA71FDFDF9 /* Debug */ = {
			isa = XCBuildConfiguration;
			buildSettings = {
				BUNDLE_LOADER = "$(TEST_HOST)";
				COMBINE_HIDPI_IMAGES = YES;
				GENERATE_INFOPLIST_FILE = YES;
				LD_RUNPATH_SEARCH_PATHS = (
					"$(inherited)",
					"@executable_path/Frameworks",
					"@loader_path/Frameworks",
				);
				MACOSX_DEPLOYMENT_TARGET = 15.0;
				PRODUCT_BUNDLE_IDENTIFIER = com.tafuru.TransyUITests;
				SDKROOT = macosx;
				SWIFT_VERSION = 6.0;
				TEST_TARGET_NAME = Transy;
			};
			name = Debug;
		};
		6ED8DBE9FAC6FD507F49BBB8 /* Debug */ = {
			isa = XCBuildConfiguration;
			buildSettings = {
				ASSETCATALOG_COMPILER_APPICON_NAME = AppIcon;
				CODE_SIGN_ENTITLEMENTS = "";
				CODE_SIGN_STYLE = Automatic;
				COMBINE_HIDPI_IMAGES = YES;
				ENABLE_APP_SANDBOX = NO;
				INFOPLIST_FILE = Transy/Info.plist;
				LD_RUNPATH_SEARCH_PATHS = (
					"$(inherited)",
					"@executable_path/../Frameworks",
				);
				MACOSX_DEPLOYMENT_TARGET = 15.0;
				PRODUCT_BUNDLE_IDENTIFIER = com.tafuru.transy;
				SDKROOT = macosx;
				SWIFT_VERSION = 6.0;
			};
			name = Debug;
		};
		89A62C324E3A469E8490E297 /* Release */ = {
			isa = XCBuildConfiguration;
			buildSettings = {
				ASSETCATALOG_COMPILER_APPICON_NAME = AppIcon;
				CODE_SIGN_ENTITLEMENTS = "";
				CODE_SIGN_STYLE = Automatic;
				COMBINE_HIDPI_IMAGES = YES;
				ENABLE_APP_SANDBOX = NO;
				INFOPLIST_FILE = Transy/Info.plist;
				LD_RUNPATH_SEARCH_PATHS = (
					"$(inherited)",
					"@executable_path/../Frameworks",
				);
				MACOSX_DEPLOYMENT_TARGET = 15.0;
				PRODUCT_BUNDLE_IDENTIFIER = com.tafuru.transy;
				SDKROOT = macosx;
				SWIFT_VERSION = 6.0;
			};
			name = Release;
		};
		B3F2C5E25B7F3876001CCFA9 /* Release */ = {
			isa = XCBuildConfiguration;
			buildSettings = {
				ALWAYS_SEARCH_USER_PATHS = NO;
				CLANG_ANALYZER_NONNULL = YES;
				CLANG_ANALYZER_NUMBER_OBJECT_CONVERSION = YES_AGGRESSIVE;
				CLANG_CXX_LANGUAGE_STANDARD = "gnu++14";
				CLANG_CXX_LIBRARY = "libc++";
				CLANG_ENABLE_MODULES = YES;
				CLANG_ENABLE_OBJC_ARC = YES;
				CLANG_ENABLE_OBJC_WEAK = YES;
				CLANG_WARN_BLOCK_CAPTURE_AUTORELEASING = YES;
				CLANG_WARN_BOOL_CONVERSION = YES;
				CLANG_WARN_COMMA = YES;
				CLANG_WARN_CONSTANT_CONVERSION = YES;
				CLANG_WARN_DEPRECATED_OBJC_IMPLEMENTATIONS = YES;
				CLANG_WARN_DIRECT_OBJC_ISA_USAGE = YES_ERROR;
				CLANG_WARN_DOCUMENTATION_COMMENTS = YES;
				CLANG_WARN_EMPTY_BODY = YES;
				CLANG_WARN_ENUM_CONVERSION = YES;
				CLANG_WARN_INFINITE_RECURSION = YES;
				CLANG_WARN_INT_CONVERSION = YES;
				CLANG_WARN_NON_LITERAL_NULL_CONVERSION = YES;
				CLANG_WARN_OBJC_IMPLICIT_RETAIN_SELF = YES;
				CLANG_WARN_OBJC_LITERAL_CONVERSION = YES;
				CLANG_WARN_OBJC_ROOT_CLASS = YES_ERROR;
				CLANG_WARN_QUOTED_INCLUDE_IN_FRAMEWORK_HEADER = YES;
				CLANG_WARN_RANGE_LOOP_ANALYSIS = YES;
				CLANG_WARN_STRICT_PROTOTYPES = YES;
				CLANG_WARN_SUSPICIOUS_MOVE = YES;
				CLANG_WARN_UNGUARDED_AVAILABILITY = YES_AGGRESSIVE;
				CLANG_WARN_UNREACHABLE_CODE = YES;
				CLANG_WARN__DUPLICATE_METHOD_MATCH = YES;
				COPY_PHASE_STRIP = NO;
				DEBUG_INFORMATION_FORMAT = "dwarf-with-dsym";
				ENABLE_NS_ASSERTIONS = NO;
				ENABLE_STRICT_OBJC_MSGSEND = YES;
				GCC_C_LANGUAGE_STANDARD = gnu11;
				GCC_NO_COMMON_BLOCKS = YES;
				GCC_WARN_64_TO_32_BIT_CONVERSION = YES;
				GCC_WARN_ABOUT_RETURN_TYPE = YES_ERROR;
				GCC_WARN_UNDECLARED_SELECTOR = YES;
				GCC_WARN_UNINITIALIZED_AUTOS = YES_AGGRESSIVE;
				GCC_WARN_UNUSED_FUNCTION = YES;
				GCC_WARN_UNUSED_VARIABLE = YES;
				MACOSX_DEPLOYMENT_TARGET = 15.0;
				MTL_ENABLE_DEBUG_INFO = NO;
				MTL_FAST_MATH = YES;
				PRODUCT_NAME = "$(TARGET_NAME)";
				SDKROOT = macosx;
				SWIFT_COMPILATION_MODE = wholemodule;
				SWIFT_OPTIMIZATION_LEVEL = "-O";
				SWIFT_VERSION = 5.0;
			};
			name = Release;
		};
		C3923477B76B700D72BC897F /* Release */ = {
			isa = XCBuildConfiguration;
			buildSettings = {
				BUNDLE_LOADER = "$(TEST_HOST)";
				COMBINE_HIDPI_IMAGES = YES;
				GENERATE_INFOPLIST_FILE = YES;
				LD_RUNPATH_SEARCH_PATHS = (
					"$(inherited)",
					"@executable_path/Frameworks",
					"@loader_path/Frameworks",
				);
				MACOSX_DEPLOYMENT_TARGET = 15.0;
				PRODUCT_BUNDLE_IDENTIFIER = com.tafuru.TransyUITests;
				SDKROOT = macosx;
				SWIFT_VERSION = 6.0;
				TEST_TARGET_NAME = Transy;
			};
			name = Release;
		};
		C8C0AACE14108A946990543C /* Release */ = {
			isa = XCBuildConfiguration;
			buildSettings = {
				BUNDLE_LOADER = "$(TEST_HOST)";
				COMBINE_HIDPI_IMAGES = YES;
				GENERATE_INFOPLIST_FILE = YES;
				LD_RUNPATH_SEARCH_PATHS = (
					"$(inherited)",
					"@executable_path/../Frameworks",
					"@loader_path/../Frameworks",
				);
				MACOSX_DEPLOYMENT_TARGET = 15.0;
				PRODUCT_BUNDLE_IDENTIFIER = com.tafuru.TransyTests;
				SDKROOT = macosx;
				SWIFT_VERSION = 6.0;
				TEST_HOST = "$(BUILT_PRODUCTS_DIR)/Transy.app/Contents/MacOS/Transy";
			};
			name = Release;
		};
/* End XCBuildConfiguration section */

/* Begin XCConfigurationList section */
		0BE294C06E2F49F64CDB144D /* Build configuration list for PBXNativeTarget "TransyTests" */ = {
			isa = XCConfigurationList;
			buildConfigurations = (
				0F0A8B7518676513ABEDD3A2 /* Debug */,
				C8C0AACE14108A946990543C /* Release */,
			);
			defaultConfigurationIsVisible = 0;
			defaultConfigurationName = Debug;
		};
		682754719760AB9319303163 /* Build configuration list for PBXProject "Transy" */ = {
			isa = XCConfigurationList;
			buildConfigurations = (
				3A7D464C2ECBAD9A0DC6F473 /* Debug */,
				B3F2C5E25B7F3876001CCFA9 /* Release */,
			);
			defaultConfigurationIsVisible = 0;
			defaultConfigurationName = Debug;
		};
		790BF0208E06B94053782DCA /* Build configuration list for PBXNativeTarget "TransyUITests" */ = {
			isa = XCConfigurationList;
			buildConfigurations = (
				3B95E6B16CB687BA71FDFDF9 /* Debug */,
				C3923477B76B700D72BC897F /* Release */,
			);
			defaultConfigurationIsVisible = 0;
			defaultConfigurationName = Debug;
		};
		E1016FDD8C6BB64B2C0C10C3 /* Build configuration list for PBXNativeTarget "Transy" */ = {
			isa = XCConfigurationList;
			buildConfigurations = (
				6ED8DBE9FAC6FD507F49BBB8 /* Debug */,
				89A62C324E3A469E8490E297 /* Release */,
			);
			defaultConfigurationIsVisible = 0;
			defaultConfigurationName = Debug;
		};
/* End XCConfigurationList section */
	};
	rootObject = 6630DBE2462214A6C0C09B06 /* Project object */;
}
